
Microsoft Visual Studio Solution File, Format Version 12.00
# Visual Studio Version 16
VisualStudioVersion = 16.0.30709.132
MinimumVisualStudioVersion = 10.0.40219.1
Project("{9A19103F-16F7-4668-BE54-9A1E7A4F7556}") = "GameService", "GameService\GameService.csproj", "{E31FE70B-3E9C-4EE8-8D69-ED1217645C43}"
EndProject
Project("{9A19103F-16F7-4668-BE54-9A1E7A4F7556}") = "GameLib", "GameLib\GameLib.csproj", "{A43B8F5E-15C2-4B5E-9431-7D2FB5C2B885}"
EndProject
Project("{FAE04EC0-301F-11D3-BF4B-00C04F79EFBC}") = "GameLib.Tests", "GameLib.Tests\GameLib.Tests.csproj", "{56A1FBEC-6EC9-4F70-A3A1-2F6B889858E2}"
EndProject
Global
	GlobalSection(SolutionConfigurationPlatforms) = preSolution
		Debug|Any CPU = Debug|Any CPU
		Release|Any CPU = Release|Any CPU
	EndGlobalSection
	GlobalSection(ProjectConfigurationPlatforms) = postSolution
		{E31FE70B-3E9C-4EE8-8D69-ED1217645C43}.Debug|Any CPU.ActiveCfg = Debug|Any CPU
		{E31FE70B-3E9C-4EE8-8D69-ED1217645C43}.Debug|Any CPU.Build.0 = Debug|Any CPU
		{E31FE70B-3E9C-4EE8-8D69-ED1217645C43}.Release|Any CPU.ActiveCfg = Release|Any CPU
		{E31FE70B-3E9C-4EE8-8D69-ED1217645C43}.Release|Any CPU.Build.0 = Release|Any CPU
		{A43B8F5E-15C2-4B5E-9431-7D2FB5C2B885}.Debug|Any CPU.ActiveCfg = Debug|Any CPU
		{A43B8F5E-15C2-4B5E-9431-7D2FB5C2B885}.Debug|Any CPU.Build.0 = Debug|Any CPU
		{A43B8F5E-15C2-4B5E-9431-7D2FB5C2B885}.Release|Any CPU.ActiveCfg = Release|Any CPU
		{A43B8F5E-15C2-4B5E-9431-7D2FB5C2B885}.Release|Any CPU.Build.0 = Release|Any CPU
		{56A1FBEC-6EC9-4F70-A3A1-2F6B889858E2}.Debug|Any CPU.ActiveCfg = Debug|Any CPU
		{56A1FBEC-6EC9-4F70-A3A1-2F6B889858E2}.Debug|Any CPU.Build.0 = Debug|Any CPU
		{56A1FBEC-6EC9-4F70-A3A1-2F6B889858E2}.Release|Any CPU.ActiveCfg = Release|Any CPU
		{56A1FBEC-6EC9-4F70-A3A1-2F6B889858E2}.Release|Any CPU.Build.0 = Release|Any CPU
	EndGlobalSection
	GlobalSection(SolutionProperties) = preSolution
		HideSolutionNode = FALSE
	EndGlobalSection
	GlobalSection(ExtensibilityGlobals) = postSolution
		SolutionGuid = {6FDEF13C-E28B-48BC-9B75-9B3880A16C2C}
	EndGlobalSection
EndGlobal
